
Microsoft Visual Studio Solution File, Format Version 12.00
# Visual Studio Version 16
VisualStudioVersion = 16.0.31005.135
MinimumVisualStudioVersion = 10.0.40219.1
Project("{FAE04EC0-301F-11D3-BF4B-00C04F79EFBC}") = "DTLML", "DTLML.csproj", "{8E050B32-E99D-4C65-89D7-A45856884A0C}"
EndProject
Global
	GlobalSection(SolutionConfigurationPlatforms) = preSolution
		Debug|Any CPU = Debug|Any CPU
		Release|Any CPU = Release|Any CPU
	EndGlobalSection
	GlobalSection(ProjectConfigurationPlatforms) = postSolution
		{8E050B32-E99D-4C65-89D7-A45856884A0C}.Debug|Any CPU.ActiveCfg = Debug|Any CPU
		{8E050B32-E99D-4C65-89D7-A45856884A0C}.Debug|Any CPU.Build.0 = Debug|Any CPU
		{8E050B32-E99D-4C65-89D7-A45856884A0C}.Release|Any CPU.ActiveCfg = Release|Any CPU
		{8E050B32-E99D-4C65-89D7-A45856884A0C}.Release|Any CPU.Build.0 = Release|Any CPU
	EndGlobalSection
	GlobalSection(SolutionProperties) = preSolution
		HideSolutionNode = FALSE
	EndGlobalSection
	GlobalSection(ExtensibilityGlobals) = postSolution
		SolutionGuid = {DC38E191-CC39-4E5D-A028-E2DCB67A9BE6}
	EndGlobalSection
EndGlobal
